
Microsoft Visual Studio Solution File, Format Version 11.00
# Visual Studio 2010
Project("{FAE04EC0-301F-11D3-BF4B-00C04F79EFBC}") = "TempestVR", "Assembly-CSharp.csproj", "{81A65C02-AA41-9E7B-B195-77D03AB8305D}"
EndProject
Project("{FAE04EC0-301F-11D3-BF4B-00C04F79EFBC}") = "TempestVR", "Assembly-CSharp-firstpass.csproj", "{C01D776C-E0B5-3F17-0D74-ABECC85B0DE6}"
EndProject
Project("{FAE04EC0-301F-11D3-BF4B-00C04F79EFBC}") = "TempestVR", "Assembly-CSharp-Editor.csproj", "{9C7249EC-CCBD-0E1F-6527-9AB7E8C1282F}"
EndProject
Project("{FAE04EC0-301F-11D3-BF4B-00C04F79EFBC}") = "TempestVR", "Assembly-CSharp-Editor-firstpass.csproj", "{58AEDA8D-8E56-6E24-F4ED-A5D00E0B5EC4}"
EndProject
Global
	GlobalSection(SolutionConfigurationPlatforms) = preSolution
		Debug|Any CPU = Debug|Any CPU
		Release|Any CPU = Release|Any CPU
	EndGlobalSection
	GlobalSection(ProjectConfigurationPlatforms) = postSolution
		{81A65C02-AA41-9E7B-B195-77D03AB8305D}.Debug|Any CPU.ActiveCfg = Debug|Any CPU
		{81A65C02-AA41-9E7B-B195-77D03AB8305D}.Debug|Any CPU.Build.0 = Debug|Any CPU
		{81A65C02-AA41-9E7B-B195-77D03AB8305D}.Release|Any CPU.ActiveCfg = Release|Any CPU
		{81A65C02-AA41-9E7B-B195-77D03AB8305D}.Release|Any CPU.Build.0 = Release|Any CPU
		{C01D776C-E0B5-3F17-0D74-ABECC85B0DE6}.Debug|Any CPU.ActiveCfg = Debug|Any CPU
		{C01D776C-E0B5-3F17-0D74-ABECC85B0DE6}.Debug|Any CPU.Build.0 = Debug|Any CPU
		{C01D776C-E0B5-3F17-0D74-ABECC85B0DE6}.Release|Any CPU.ActiveCfg = Release|Any CPU
		{C01D776C-E0B5-3F17-0D74-ABECC85B0DE6}.Release|Any CPU.Build.0 = Release|Any CPU
		{9C7249EC-CCBD-0E1F-6527-9AB7E8C1282F}.Debug|Any CPU.ActiveCfg = Debug|Any CPU
		{9C7249EC-CCBD-0E1F-6527-9AB7E8C1282F}.Debug|Any CPU.Build.0 = Debug|Any CPU
		{9C7249EC-CCBD-0E1F-6527-9AB7E8C1282F}.Release|Any CPU.ActiveCfg = Release|Any CPU
		{9C7249EC-CCBD-0E1F-6527-9AB7E8C1282F}.Release|Any CPU.Build.0 = Release|Any CPU
		{58AEDA8D-8E56-6E24-F4ED-A5D00E0B5EC4}.Debug|Any CPU.ActiveCfg = Debug|Any CPU
		{58AEDA8D-8E56-6E24-F4ED-A5D00E0B5EC4}.Debug|Any CPU.Build.0 = Debug|Any CPU
		{58AEDA8D-8E56-6E24-F4ED-A5D00E0B5EC4}.Release|Any CPU.ActiveCfg = Release|Any CPU
		{58AEDA8D-8E56-6E24-F4ED-A5D00E0B5EC4}.Release|Any CPU.Build.0 = Release|Any CPU
	EndGlobalSection
	GlobalSection(SolutionProperties) = preSolution
		HideSolutionNode = FALSE
	EndGlobalSection
	GlobalSection(MonoDevelopProperties) = preSolution
		StartupItem = Assembly-CSharp.csproj
	EndGlobalSection
EndGlobal
